
Microsoft Visual Studio Solution File, Format Version 12.00
# Visual Studio Version 17
VisualStudioVersion = 17.0.32126.317
MinimumVisualStudioVersion = 10.0.40219.1
Project("{FAE04EC0-301F-11D3-BF4B-00C04F79EFBC}") = "TheHangedMan", "TheHangedMan.csproj", "{5E4E0B3B-9D73-4423-83B1-5C70A321997A}"
EndProject
Global
	GlobalSection(SolutionConfigurationPlatforms) = preSolution
		Debug|Any CPU = Debug|Any CPU
		Release|Any CPU = Release|Any CPU
	EndGlobalSection
	GlobalSection(ProjectConfigurationPlatforms) = postSolution
		{5E4E0B3B-9D73-4423-83B1-5C70A321997A}.Debug|Any CPU.ActiveCfg = Debug|Any CPU
		{5E4E0B3B-9D73-4423-83B1-5C70A321997A}.Debug|Any CPU.Build.0 = Debug|Any CPU
		{5E4E0B3B-9D73-4423-83B1-5C70A321997A}.Release|Any CPU.ActiveCfg = Release|Any CPU
		{5E4E0B3B-9D73-4423-83B1-5C70A321997A}.Release|Any CPU.Build.0 = Release|Any CPU
	EndGlobalSection
	GlobalSection(SolutionProperties) = preSolution
		HideSolutionNode = FALSE
	EndGlobalSection
	GlobalSection(ExtensibilityGlobals) = postSolution
		SolutionGuid = {AAA4317C-7C5B-426F-B11B-B8E4BFD00053}
	EndGlobalSection
EndGlobal
